# THIS IS AN AUTOGENERATED FILE. DO NOT EDIT THIS FILE DIRECTLY.
# yarn lockfile v1


child_process@^1.0.2:
  version "1.0.2"
  resolved "https://registry.yarnpkg.com/child_process/-/child_process-1.0.2.tgz#b1f7e7fc73d25e7fd1d455adc94e143830182b5a"
  integrity sha1-sffn/HPSXn/R1FWtyU4UODAYK1o=

fs@^0.0.1-security:
  version "0.0.1-security"
  resolved "https://registry.yarnpkg.com/fs/-/fs-0.0.1-security.tgz#8a7bd37186b6dddf3813f23858b57ecaaf5e41d4"
  integrity sha1-invTcYa23d84E/I4WLV+yq9eQdQ=

https@^1.0.0:
  version "1.0.0"
  resolved "https://registry.yarnpkg.com/https/-/https-1.0.0.tgz#3c37c7ae1a8eeb966904a2ad1e975a194b7ed3a4"
  integrity sha1-PDfHrhqO65ZpBKKtHpdaGUt+06Q=

m3u8stream@^0.8.4:
  version "0.8.6"
  resolved "https://registry.yarnpkg.com/m3u8stream/-/m3u8stream-0.8.6.tgz#0d6de4ce8ee69731734e6b616e7b05dd9d9a55b1"
  integrity sha512-LZj8kIVf9KCphiHmH7sbFQTVe4tOemb202fWwvJwR9W5ENW/1hxJN6ksAWGhQgSBSa3jyWhnjKU1Fw1GaOdbyA==
  dependencies:
    miniget "^4.2.2"
    sax "^1.2.4"

miniget@^4.0.0, miniget@^4.2.2:
  version "4.2.2"
  resolved "https://registry.yarnpkg.com/miniget/-/miniget-4.2.2.tgz#db20320f265efdc4c1826a0be431d56753074475"
  integrity sha512-a7voNL1N5lDMxvTMExOkg+Fq89jM2vY8pAi9ZEWzZtfNmdfP6RXkvUtFnCAXoCv2T9k1v/fUJVaAEuepGcvLYA==

sax@^1.1.3, sax@^1.2.4:
  version "1.2.4"
  resolved "https://registry.yarnpkg.com/sax/-/sax-1.2.4.tgz#2816234e2378bddc4e5354fab5caa895df7100d9"
  integrity sha512-NqVDv9TpANUjFm0N8uM5GxL36UgKi9/atZw+x7YFnQ8ckwFGKrl4xX4yWtrey3UJm5nP1kUbnYgLopqWNSRhWw==

ws@^8.4.2:
  version "8.4.2"
  resolved "https://registry.yarnpkg.com/ws/-/ws-8.4.2.tgz#18e749868d8439f2268368829042894b6907aa0b"
  integrity sha512-Kbk4Nxyq7/ZWqr/tarI9yIt/+iNNFOjBXEWgTb4ydaNHBNGgvf2QHbS9fdfsndfjFlFwEd4Al+mw83YkaD10ZA==

ytdl-core@^4.10.0:
  version "4.10.0"
  resolved "https://registry.yarnpkg.com/ytdl-core/-/ytdl-core-4.10.0.tgz#0835cb411677684539fac2bcc10553f6f58db3e1"
  integrity sha512-RCCoSVTmMeBPH5NFR1fh3nkDU9okvWM0ZdN6plw6I5+vBBZVUEpOt8vjbSgprLRMmGUsmrQZJhvG1CHOat4mLA==
  dependencies:
    m3u8stream "^0.8.4"
    miniget "^4.0.0"
    sax "^1.1.3"
